
Microsoft Visual Studio Solution File, Format Version 12.00
# Visual Studio Version 17
VisualStudioVersion = 17.9.34622.214
MinimumVisualStudioVersion = 10.0.40219.1
Project("{FAE04EC0-301F-11D3-BF4B-00C04F79EFBC}") = "Ejerico406", "Ejerico406.csproj", "{1FEF4999-ED8C-4867-B4E8-099D9AFED29E}"
EndProject
Global
	GlobalSection(SolutionConfigurationPlatforms) = preSolution
		Debug|Any CPU = Debug|Any CPU
		Release|Any CPU = Release|Any CPU
	EndGlobalSection
	GlobalSection(ProjectConfigurationPlatforms) = postSolution
		{1FEF4999-ED8C-4867-B4E8-099D9AFED29E}.Debug|Any CPU.ActiveCfg = Debug|Any CPU
		{1FEF4999-ED8C-4867-B4E8-099D9AFED29E}.Debug|Any CPU.Build.0 = Debug|Any CPU
		{1FEF4999-ED8C-4867-B4E8-099D9AFED29E}.Release|Any CPU.ActiveCfg = Release|Any CPU
		{1FEF4999-ED8C-4867-B4E8-099D9AFED29E}.Release|Any CPU.Build.0 = Release|Any CPU
	EndGlobalSection
	GlobalSection(SolutionProperties) = preSolution
		HideSolutionNode = FALSE
	EndGlobalSection
	GlobalSection(ExtensibilityGlobals) = postSolution
		SolutionGuid = {54A2E338-CCB5-4C6D-8FEE-D3D9CA204645}
	EndGlobalSection
EndGlobal
