
Microsoft Visual Studio Solution File, Format Version 12.00
# Visual Studio Version 17
VisualStudioVersion = 17.9.34622.214
MinimumVisualStudioVersion = 10.0.40219.1
Project("{FAE04EC0-301F-11D3-BF4B-00C04F79EFBC}") = "Ejercio303", "Ejercio303.csproj", "{7D185CD6-B124-4E3D-B45F-B6FE119DFB17}"
EndProject
Global
	GlobalSection(SolutionConfigurationPlatforms) = preSolution
		Debug|Any CPU = Debug|Any CPU
		Release|Any CPU = Release|Any CPU
	EndGlobalSection
	GlobalSection(ProjectConfigurationPlatforms) = postSolution
		{7D185CD6-B124-4E3D-B45F-B6FE119DFB17}.Debug|Any CPU.ActiveCfg = Debug|Any CPU
		{7D185CD6-B124-4E3D-B45F-B6FE119DFB17}.Debug|Any CPU.Build.0 = Debug|Any CPU
		{7D185CD6-B124-4E3D-B45F-B6FE119DFB17}.Release|Any CPU.ActiveCfg = Release|Any CPU
		{7D185CD6-B124-4E3D-B45F-B6FE119DFB17}.Release|Any CPU.Build.0 = Release|Any CPU
	EndGlobalSection
	GlobalSection(SolutionProperties) = preSolution
		HideSolutionNode = FALSE
	EndGlobalSection
	GlobalSection(ExtensibilityGlobals) = postSolution
		SolutionGuid = {1883FD67-189A-4D6F-80F5-FA7764435E5C}
	EndGlobalSection
EndGlobal
